
Microsoft Visual Studio Solution File, Format Version 12.00
# Visual Studio Version 16
VisualStudioVersion = 16.0.32106.194
MinimumVisualStudioVersion = 10.0.40219.1
Project("{FAE04EC0-301F-11D3-BF4B-00C04F79EFBC}") = "PPE Desktop", "PPE Desktop.csproj", "{CC453A75-EFCF-4115-8CC2-21DC09CED697}"
EndProject
Global
	GlobalSection(SolutionConfigurationPlatforms) = preSolution
		Debug|Any CPU = Debug|Any CPU
		Release|Any CPU = Release|Any CPU
	EndGlobalSection
	GlobalSection(ProjectConfigurationPlatforms) = postSolution
		{CC453A75-EFCF-4115-8CC2-21DC09CED697}.Debug|Any CPU.ActiveCfg = Debug|Any CPU
		{CC453A75-EFCF-4115-8CC2-21DC09CED697}.Debug|Any CPU.Build.0 = Debug|Any CPU
		{CC453A75-EFCF-4115-8CC2-21DC09CED697}.Release|Any CPU.ActiveCfg = Release|Any CPU
		{CC453A75-EFCF-4115-8CC2-21DC09CED697}.Release|Any CPU.Build.0 = Release|Any CPU
	EndGlobalSection
	GlobalSection(SolutionProperties) = preSolution
		HideSolutionNode = FALSE
	EndGlobalSection
	GlobalSection(ExtensibilityGlobals) = postSolution
		SolutionGuid = {EEBD5EE3-ADF7-4A78-993C-D6B414759098}
	EndGlobalSection
EndGlobal
